{
    "_meta": {
        "hash": {
            "sha256": "db7e1cdc92d958a7a6c3c01ada1afffd00f6354e60eab06ac82eb2fb9c7576e3"
        },
        "pipfile-spec": 6,
        "requires": {
            "python_version": "3.10"
        },
        "sources": [
            {
                "name": "pypi",
                "url": "https://pypi.org/simple",
                "verify_ssl": true
            }
        ]
    },
    "default": {
        "black": {
            "hashes": [
                "sha256:101540cb2a77c680f4f80e628ae98bd2bd8812fb9d72ade4f8995c5ff019e82c",
                "sha256:1054e8e47ebd686e078c0bb0eaf31e6ce69c966058d122f2c0c950311f9f3ede",
                "sha256:1de0f7d01cc894066a1153b738145b194414cc6eeaad8ef4397ac9abacf40f6b",
                "sha256:2b807c240b64609cb0e80d2200a35b23c7df82259f80bef1b2c96eb422b4aac9",
                "sha256:3cee1487a9e4c640dc7467aaa543d6c0097c391dc8ac74eb313f2fbf9d7a7cb5",
                "sha256:53c62883b3f999f14e5d30b5a79bd437236658ad45b2f853906c7cbe79de00af",
                "sha256:5e8e75dabb6eb83d064b0db46392b25cabb6e784ea624219736e8985a6b3675d",
                "sha256:643d27fb5facc167c0b1b59d0315f2674a6e950341aed0fc05cf307d22bf4954",
                "sha256:66912475200b67ef5a0ab665011964bf924745103f51977a78b4fb92a9fc1bf0",
                "sha256:6eeca41e70b5f5c84f2f913af857cf2ce17410847e1d54642e658e078da6544f",
                "sha256:6f3977a16e347f1b115662be07daa93137259c711e526402aa444d7a88fdc9d4",
                "sha256:7ed300200918147c963c87700ccf9966dceaefbbb7277450a8d646fc5646bf24",
                "sha256:91a68ae46bf07868963671e4d05611b179c2313301bd756a89ad4e3b3db2325b",
                "sha256:9459ad0d6cd483eacad4c6566b0f8e42af5e8b583cee917d90ffaa3778420a0a",
                "sha256:9dc8c71656a79ca49b8d3e2ce8103210c9481c57798b48deeb3a8bb02db5f115",
                "sha256:a19915ec61f3a8746e8b10adbac4a577c6ba9851fa4a9e9fbfbcf319887a5791",
                "sha256:b22b3810451abe359a964cc88121d57f7bce482b53a066de0f1584988ca36e79",
                "sha256:ba1d768fbfb6930fc93b0ecc32a43d8861ded16f47a40f14afa9bb04ab93d304",
                "sha256:be5e2fe860b9bd9edbf676d5b60a9282994c03fbbd40fe8f5e75d194f96064ca",
                "sha256:c5b7713daea9bf943f79f8c3b46f361cc5229e0e604dcef6a8bb6d1c37d9df89",
                "sha256:ca699710dece84e3ebf6e92ee15f5b8f72870ef984bf944a57a777a48357c168",
                "sha256:d294ac3340eef9c9eb5d29288e96dc719ff269a88e27b396340459dd85da4c58",
                "sha256:d62d14ca31c92adf561ebb2e5f2741bf8dea28aef6deb400d49cca011d186c68",
                "sha256:dd39eef053e58e60204f2cdf059e2442e2eb08f15989eefe259870f89614c8b6",
                "sha256:eb07665d9a907a1a645ee41a0df8a25ffac8ad9c26cdb557b7b88eeeeec934e0",
                "sha256:f016baaadc423dc960cdddf9acae679e71ee02c4c341f78f3179d7e4819c095f",
                "sha256:fb1dafbbaa3b1ee8b4550a84425aac8874e5f390200f5502cf3aee4a2acb2f14"
            ],
            "index": "pypi",
            "markers": "python_version >= '3.10'",
            "version": "==26.1.0"
        },
        "cliapp": {
            "editable": true,
            "path": "."
        },
        "click": {
            "hashes": [
                "sha256:12ff4785d337a1bb490bb7e9c2b1ee5da3112e94a8622f26a6c77f5d2fc6842a",
                "sha256:981153a64e25f12d547d3426c367a4857371575ee7ad18df2a6183ab0545b2a6"
            ],
            "markers": "python_version >= '3.10'",
            "version": "==8.3.1"
        },
        "flake8": {
            "hashes": [
                "sha256:b9696257b9ce8beb888cdbe31cf885c90d31928fe202be0889a7cdafad32f01e",
                "sha256:fe044858146b9fc69b551a4b490d69cf960fcb78ad1edcb84e7fbb1b4a8e3872"
            ],
            "index": "pypi",
            "markers": "python_version >= '3.9'",
            "version": "==7.3.0"
        },
        "iniconfig": {
            "hashes": [
                "sha256:c76315c77db068650d49c5b56314774a7804df16fee4402c1f19d6d15d8c4730",
                "sha256:f631c04d2c48c52b84d0d0549c99ff3859c98df65b3101406327ecc7d53fbf12"
            ],
            "markers": "python_version >= '3.10'",
            "version": "==2.3.0"
        },
        "mccabe": {
            "hashes": [
                "sha256:348e0240c33b60bbdf4e523192ef919f28cb2c3d7d5c7794f74009290f236325",
                "sha256:6c2d30ab6be0e4a46919781807b4f0d834ebdd6c6e3dca0bda5a15f863427b6e"
            ],
            "markers": "python_version >= '3.6'",
            "version": "==0.7.0"
        },
        "mypy-extensions": {
            "hashes": [
                "sha256:1be4cccdb0f2482337c4743e60421de3a356cd97508abadd57d47403e94f5505",
                "sha256:52e68efc3284861e772bbcd66823fde5ae21fd2fdb51c62a211403730b916558"
            ],
            "markers": "python_version >= '3.8'",
            "version": "==1.1.0"
        },
        "packaging": {
            "hashes": [
                "sha256:00243ae351a257117b6a241061796684b084ed1c516a08c48a3f7e147a9d80b4",
                "sha256:b36f1fef9334a5588b4166f8bcd26a14e521f2b55e6b9de3aaa80d3ff7a37529"
            ],
            "markers": "python_version >= '3.8'",
            "version": "==26.0"
        },
        "pathspec": {
            "hashes": [
                "sha256:0210e2ae8a21a9137c0d470578cb0e595af87edaa6ebf12ff176f14a02e0e645",
                "sha256:fb6ae2fd4e7c921a165808a552060e722767cfa526f99ca5156ed2ce45a5c723"
            ],
            "markers": "python_version >= '3.9'",
            "version": "==1.0.4"
        },
        "platformdirs": {
            "hashes": [
                "sha256:9170634f126f8efdae22fb58ae8a0eaa86f38365bc57897a6c4f781d1f5875bd",
                "sha256:9a33809944b9db043ad67ca0db94b14bf452cc6aeaac46a88ea55b26e2e9d291"
            ],
            "markers": "python_version >= '3.10'",
            "version": "==4.9.2"
        },
        "pluggy": {
            "hashes": [
                "sha256:7dcc130b76258d33b90f61b658791dede3486c3e6bfb003ee5c9bfb396dd22f3",
                "sha256:e920276dd6813095e9377c0bc5566d94c932c33b27a3e3945d8389c374dd4746"
            ],
            "markers": "python_version >= '3.9'",
            "version": "==1.6.0"
        },
        "pycodestyle": {
            "hashes": [
                "sha256:c4b5b517d278089ff9d0abdec919cd97262a3367449ea1c8b49b91529167b783",
                "sha256:dd6bf7cb4ee77f8e016f9c8e74a35ddd9f67e1d5fd4184d86c3b98e07099f42d"
            ],
            "markers": "python_version >= '3.9'",
            "version": "==2.14.0"
        },
        "pyflakes": {
            "hashes": [
                "sha256:b24f96fafb7d2ab0ec5075b7350b3d2d2218eab42003821c06344973d3ea2f58",
                "sha256:f742a7dbd0d9cb9ea41e9a24a918996e8170c799fa528688d40dd582c8265f4f"
            ],
            "markers": "python_version >= '3.9'",
            "version": "==3.4.0"
        },
        "pygments": {
            "hashes": [
                "sha256:636cb2477cec7f8952536970bc533bc43743542f70392ae026374600add5b887",
                "sha256:86540386c03d588bb81d44bc3928634ff26449851e99741617ecb9037ee5ec0b"
            ],
            "markers": "python_version >= '3.8'",
            "version": "==2.19.2"
        },
        "pytest": {
            "hashes": [
                "sha256:711ffd45bf766d5264d487b917733b453d917afd2b0ad65223959f59089f875b",
                "sha256:75186651a92bd89611d1d9fc20f0b4345fd827c41ccd5c299a868a05d70edf11"
            ],
            "index": "pypi",
            "markers": "python_version >= '3.10'",
            "version": "==9.0.2"
        },
        "pytokens": {
            "hashes": [
                "sha256:0fc71786e629cef478cbf29d7ea1923299181d0699dbe7c3c0f4a583811d9fc1",
                "sha256:11edda0942da80ff58c4408407616a310adecae1ddd22eef8c692fe266fa5009",
                "sha256:140709331e846b728475786df8aeb27d24f48cbcf7bcd449f8de75cae7a45083",
                "sha256:24afde1f53d95348b5a0eb19488661147285ca4dd7ed752bbc3e1c6242a304d1",
                "sha256:26cef14744a8385f35d0e095dc8b3a7583f6c953c2e3d269c7f82484bf5ad2de",
                "sha256:27b83ad28825978742beef057bfe406ad6ed524b2d28c252c5de7b4a6dd48fa2",
                "sha256:292052fe80923aae2260c073f822ceba21f3872ced9a68bb7953b348e561179a",
                "sha256:29d1d8fb1030af4d231789959f21821ab6325e463f0503a61d204343c9b355d1",
                "sha256:2a44ed93ea23415c54f3face3b65ef2b844d96aeb3455b8a69b3df6beab6acc5",
                "sha256:30f51edd9bb7f85c748979384165601d028b84f7bd13fe14d3e065304093916a",
                "sha256:34bcc734bd2f2d5fe3b34e7b3c0116bfb2397f2d9666139988e7a3eb5f7400e3",
                "sha256:3ad72b851e781478366288743198101e5eb34a414f1d5627cdd585ca3b25f1db",
                "sha256:3f901fe783e06e48e8cbdc82d631fca8f118333798193e026a50ce1b3757ea68",
                "sha256:42f144f3aafa5d92bad964d471a581651e28b24434d184871bd02e3a0d956037",
                "sha256:4a14d5f5fc78ce85e426aa159489e2d5961acf0e47575e08f35584009178e321",
                "sha256:4a58d057208cb9075c144950d789511220b07636dd2e4708d5645d24de666bdc",
                "sha256:4e691d7f5186bd2842c14813f79f8884bb03f5995f0575272009982c5ac6c0f7",
                "sha256:5502408cab1cb18e128570f8d598981c68a50d0cbd7c61312a90507cd3a1276f",
                "sha256:584c80c24b078eec1e227079d56dc22ff755e0ba8654d8383b2c549107528918",
                "sha256:5ad948d085ed6c16413eb5fec6b3e02fa00dc29a2534f088d3302c47eb59adf9",
                "sha256:670d286910b531c7b7e3c0b453fd8156f250adb140146d234a82219459b9640c",
                "sha256:682fa37ff4d8e95f7df6fe6fe6a431e8ed8e788023c6bcc0f0880a12eab80ad1",
                "sha256:6d6c4268598f762bc8e91f5dbf2ab2f61f7b95bdc07953b602db879b3c8c18e1",
                "sha256:79fc6b8699564e1f9b521582c35435f1bd32dd06822322ec44afdeba666d8cb3",
                "sha256:8bdb9d0ce90cbf99c525e75a2fa415144fd570a1ba987380190e8b786bc6ef9b",
                "sha256:8fcb9ba3709ff77e77f1c7022ff11d13553f3c30299a9fe246a166903e9091eb",
                "sha256:941d4343bf27b605e9213b26bfa1c4bf197c9c599a9627eb7305b0defcfe40c1",
                "sha256:967cf6e3fd4adf7de8fc73cd3043754ae79c36475c1c11d514fc72cf5490094a",
                "sha256:970b08dd6b86058b6dc07efe9e98414f5102974716232d10f32ff39701e841c4",
                "sha256:97f50fd18543be72da51dd505e2ed20d2228c74e0464e4262e4899797803d7fa",
                "sha256:9bd7d7f544d362576be74f9d5901a22f317efc20046efe2034dced238cbbfe78",
                "sha256:add8bf86b71a5d9fb5b89f023a80b791e04fba57960aa790cc6125f7f1d39dfe",
                "sha256:b35d7e5ad269804f6697727702da3c517bb8a5228afa450ab0fa787732055fc9",
                "sha256:b49750419d300e2b5a3813cf229d4e5a4c728dae470bcc89867a9ad6f25a722d",
                "sha256:d31b97b3de0f61571a124a00ffe9a81fb9939146c122c11060725bd5aea79975",
                "sha256:d70e77c55ae8380c91c0c18dea05951482e263982911fc7410b1ffd1dadd3440",
                "sha256:d9907d61f15bf7261d7e775bd5d7ee4d2930e04424bab1972591918497623a16",
                "sha256:da5baeaf7116dced9c6bb76dc31ba04a2dc3695f3d9f74741d7910122b456edc",
                "sha256:dc74c035f9bfca0255c1af77ddd2d6ae8419012805453e4b0e7513e17904545d",
                "sha256:dcafc12c30dbaf1e2af0490978352e0c4041a7cde31f4f81435c2a5e8b9cabb6",
                "sha256:ee44d0f85b803321710f9239f335aafe16553b39106384cef8e6de40cb4ef2f6",
                "sha256:f66a6bbe741bd431f6d741e617e0f39ec7257ca1f89089593479347cc4d13324"
            ],
            "markers": "python_version >= '3.8'",
            "version": "==0.4.1"
        },
        "typer": {
            "hashes": [
                "sha256:50922fd79aea2f4751a8e0408ff10d2662bd0c8bbfa84755a699f3bada2978b2",
                "sha256:5d96d986a21493606a358cae4461bd8cdf83cbf33a5aa950ae629ca3b51467ee"
            ],
            "markers": "python_version >= '3.6'",
            "version": "==0.9.0"
        },
        "typing-extensions": {
            "hashes": [
                "sha256:440d5dd3af93b060174bf433bccd69b0babc3b15b1a8dca43789fd7f61514b36",
                "sha256:b75ddc264f0ba5615db7ba217daeb99701ad295353c45f9e95963337ceeeffb2"
            ],
            "markers": "python_version >= '3.7'",
            "version": "==4.7.1"
        }
    },
    "develop": {
        "black": {
            "hashes": [
                "sha256:2818cf72dfd5d289e48f37ccfa08b460bf469e67fb7c4abb07edc2e9f16fb63f",
                "sha256:41622020d7120e01d377f74249e677039d20e6344ff5851de8a10f11f513bf93",
                "sha256:4acf672def7eb1725f41f38bf6bf425c8237248bb0804faa3965c036f7672d11",
                "sha256:4be5bb28e090456adfc1255e03967fb67ca846a03be7aadf6249096100ee32d0",
                "sha256:4f1373a7808a8f135b774039f61d59e4be7eb56b2513d3d2f02a8b9365b8a8a9",
                "sha256:56f52cfbd3dabe2798d76dbdd299faa046a901041faf2cf33288bc4e6dae57b5",
                "sha256:65b76c275e4c1c5ce6e9870911384bff5ca31ab63d19c76811cb1fb162678213",
                "sha256:65c02e4ea2ae09d16314d30912a58ada9a5c4fdfedf9512d23326128ac08ac3d",
                "sha256:6905238a754ceb7788a73f02b45637d820b2f5478b20fec82ea865e4f5d4d9f7",
                "sha256:79dcf34b33e38ed1b17434693763301d7ccbd1c5860674a8f871bd15139e7837",
                "sha256:7bb041dca0d784697af4646d3b62ba4a6b028276ae878e53f6b4f74ddd6db99f",
                "sha256:7d5e026f8da0322b5662fa7a8e752b3fa2dac1c1cbc213c3d7ff9bdd0ab12395",
                "sha256:9f50ea1132e2189d8dff0115ab75b65590a3e97de1e143795adb4ce317934995",
                "sha256:a0c9c4a0771afc6919578cec71ce82a3e31e054904e7197deacbc9382671c41f",
                "sha256:aadf7a02d947936ee418777e0247ea114f78aff0d0959461057cae8a04f20597",
                "sha256:b5991d523eee14756f3c8d5df5231550ae8993e2286b8014e2fdea7156ed0959",
                "sha256:bf21b7b230718a5f08bd32d5e4f1db7fc8788345c8aea1d155fc17852b3410f5",
                "sha256:c45f8dff244b3c431b36e3224b6be4a127c6aca780853574c00faf99258041eb",
                "sha256:c7ed6668cbbfcd231fa0dc1b137d3e40c04c7f786e626b405c62bcd5db5857e4",
                "sha256:d7de8d330763c66663661a1ffd432274a2f92f07feeddd89ffd085b5744f85e7",
                "sha256:e19cb1c6365fd6dc38a6eae2dcb691d7d83935c10215aef8e6c38edee3f77abd",
                "sha256:e2af80566f43c85f5797365077fb64a393861a3730bd110971ab7a0c94e873e7"
            ],
            "index": "pypi",
            "markers": "python_version >= '3.8'",
            "version": "==24.3.0"
        },
        "click": {
            "hashes": [
                "sha256:ae74fb96c20a0277a1d615f1e4d73c8414f5a98db8b799a7931d1582f3390c28",
                "sha256:ca9853ad459e787e2192211578cc907e7594e294c7ccc834310722b41b9ca6de"
            ],
            "markers": "python_version >= '3.7'",
            "version": "==8.1.7"
        },
        "exceptiongroup": {
            "hashes": [
                "sha256:12c3e887d6485d16943a309616de20ae5582633e0a2eda17f4e10fd61c1e8af5",
                "sha256:e346e69d186172ca7cf029c8c1d16235aa0e04035e5750b4b95039e65204328f"
            ],
            "markers": "python_version < '3.11'",
            "version": "==1.1.2"
        },
        "flake8": {
            "hashes": [
                "sha256:6fbe320aad8d6b95cec8b8e47bc933004678dc63095be98528b7bdd2a9f510db",
                "sha256:7a1cf6b73744f5806ab95e526f6f0d8c01c66d7bbe349562d22dfca20610b248"
            ],
            "index": "pypi",
            "version": "==5.0.4"
        },
        "iniconfig": {
            "hashes": [
                "sha256:2d91e135bf72d31a410b17c16da610a82cb55f6b0477d1a902134b24a455b8b3",
                "sha256:b6a85871a79d2e3b22d2d1b94ac2824226a63c6b741c88f7ae975f18b6778374"
            ],
            "markers": "python_version >= '3.7'",
            "version": "==2.0.0"
        },
        "mccabe": {
            "hashes": [
                "sha256:348e0240c33b60bbdf4e523192ef919f28cb2c3d7d5c7794f74009290f236325",
                "sha256:6c2d30ab6be0e4a46919781807b4f0d834ebdd6c6e3dca0bda5a15f863427b6e"
            ],
            "markers": "python_version >= '3.6'",
            "version": "==0.7.0"
        },
        "mypy-extensions": {
            "hashes": [
                "sha256:4392f6c0eb8a5668a69e23d168ffa70f0be9ccfd32b5cc2d26a34ae5b844552d",
                "sha256:75dbf8955dc00442a438fc4d0666508a9a97b6bd41aa2f0ffe9d2f2725af0782"
            ],
            "markers": "python_version >= '3.5'",
            "version": "==1.0.0"
        },
        "packaging": {
            "hashes": [
                "sha256:2ddfb553fdf02fb784c234c7ba6ccc288296ceabec964ad2eae3777778130bc5",
                "sha256:eb82c5e3e56209074766e6885bb04b8c38a0c015d0a30036ebe7ece34c9989e9"
            ],
            "markers": "python_version >= '3.7'",
            "version": "==24.0"
        },
        "pathspec": {
            "hashes": [
                "sha256:a0d503e138a4c123b27490a4f7beda6a01c6f288df0e4a8b79c7eb0dc7b4cc08",
                "sha256:a482d51503a1ab33b1c67a6c3813a26953dbdc71c31dacaef9a838c4e29f5712"
            ],
            "markers": "python_version >= '3.8'",
            "version": "==0.12.1"
        },
        "platformdirs": {
            "hashes": [
                "sha256:0614df2a2f37e1a662acbd8e2b25b92ccf8632929bc6d43467e17fe89c75e068",
                "sha256:ef0cc731df711022c174543cb70a9b5bd22e5a9337c8624ef2c2ceb8ddad8768"
            ],
            "markers": "python_version >= '3.8'",
            "version": "==4.2.0"
        },
        "pluggy": {
            "hashes": [
                "sha256:c2fd55a7d7a3863cba1a013e4e2414658b1d07b6bc57b3919e0c63c9abb99849",
                "sha256:d12f0c4b579b15f5e054301bb226ee85eeeba08ffec228092f8defbaa3a4c4b3"
            ],
            "markers": "python_version >= '3.7'",
            "version": "==1.2.0"
        },
        "pycodestyle": {
            "hashes": [
                "sha256:2c9607871d58c76354b697b42f5d57e1ada7d261c261efac224b664affdc5785",
                "sha256:d1735fc58b418fd7c5f658d28d943854f8a849b01a5d0a1e6f3f3fdd0166804b"
            ],
            "markers": "python_version >= '3.6'",
            "version": "==2.9.1"
        },
        "pyflakes": {
            "hashes": [
                "sha256:4579f67d887f804e67edb544428f264b7b24f435b263c4614f384135cea553d2",
                "sha256:491feb020dca48ccc562a8c0cbe8df07ee13078df59813b83959cbdada312ea3"
            ],
            "markers": "python_version >= '3.6'",
            "version": "==2.5.0"
        },
        "pytest": {
            "hashes": [
                "sha256:78bf16451a2eb8c7a2ea98e32dc119fd2aa758f1d5d66dbf0a59d69a3969df32",
                "sha256:b4bf8c45bd59934ed84001ad51e11b4ee40d40a1229d2c79f9c592b0a3f6bd8a"
            ],
            "index": "pypi",
            "version": "==7.4.0"
        },
        "tomli": {
            "hashes": [
                "sha256:939de3e7a6161af0c887ef91b7d41a53e7c5a1ca976325f429cb46ea9bc30ecc",
                "sha256:de526c12914f0c550d15924c62d72abc48d6fe7364aa87328337a31007fe8a4f"
            ],
            "markers": "python_version < '3.11'",
            "version": "==2.0.1"
        },
        "typing-extensions": {
            "hashes": [
                "sha256:69b1a937c3a517342112fb4c6df7e72fc39a38e7891a5730ed4985b5214b5475",
                "sha256:b0abd7c89e8fb96f98db18d86106ff1d90ab692004eb746cf6eda2682f91b3cb"
            ],
            "markers": "python_version < '3.11'",
            "version": "==4.10.0"
        }
    }
}
